# This file is automatically @generated by Cargo.
# It is not intended for manual editing.
version = 4

[[package]]
name = "adapters-notification"
version = "0.1.0"
dependencies = [
 "domain",
]

[[package]]
name = "adapters-payment"
version = "0.1.0"
dependencies = [
 "domain",
]

[[package]]
name = "adapters-repository"
version = "0.1.0"
dependencies = [
 "domain",
]

[[package]]
name = "app"
version = "0.1.0"
dependencies = [
 "adapters-notification",
 "adapters-payment",
 "adapters-repository",
 "application",
 "domain",
]

[[package]]
name = "application"
version = "0.1.0"
dependencies = [
 "domain",
]

[[package]]
name = "domain"
version = "0.1.0"
